
Microsoft Visual Studio Solution File, Format Version 12.00
# Visual Studio Version 17
VisualStudioVersion = 17.0.32014.148
MinimumVisualStudioVersion = 10.0.40219.1
Project("{FAE04EC0-301F-11D3-BF4B-00C04F79EFBC}") = "AspnetCore.EDA.Order", "AspnetCore.EDA.Order\AspnetCore.EDA.Order.csproj", "{28D97ABB-C198-4530-8B42-25C7EC62E858}"
EndProject
Project("{FAE04EC0-301F-11D3-BF4B-00C04F79EFBC}") = "AspnetCore.EDA.Order.Domain", "AspnetCore.EDA.Order.Domain\AspnetCore.EDA.Order.Domain.csproj", "{78C7E93E-D118-4A72-B174-432F3AAA5B90}"
EndProject
Project("{FAE04EC0-301F-11D3-BF4B-00C04F79EFBC}") = "AspnetCore.EDA.Order.Infrastructure.Data", "AspnetCore.EDA.Order.Infrastructure.Data\AspnetCore.EDA.Order.Infrastructure.Data.csproj", "{3940593D-49DE-4C6A-97D7-60C9958BE5C0}"
EndProject
Project("{FAE04EC0-301F-11D3-BF4B-00C04F79EFBC}") = "AspnetCore.EDA.Order.Infrastructure.Messagings", "AspnetCore.EDA.Order.Infrastructure.Messagings\AspnetCore.EDA.Order.Infrastructure.Messagings.csproj", "{73634C2F-CB09-4620-B838-FFCDB660DDAF}"
EndProject
Project("{FAE04EC0-301F-11D3-BF4B-00C04F79EFBC}") = "AspnetCore.EDA.Order.Tests", "AspnetCore.EDA.Order.Tests\AspnetCore.EDA.Order.Tests.csproj", "{23F7A740-3BF0-4134-BC42-1EA634948295}"
EndProject
Global
	GlobalSection(SolutionConfigurationPlatforms) = preSolution
		Debug|Any CPU = Debug|Any CPU
		Release|Any CPU = Release|Any CPU
	EndGlobalSection
	GlobalSection(ProjectConfigurationPlatforms) = postSolution
		{28D97ABB-C198-4530-8B42-25C7EC62E858}.Debug|Any CPU.ActiveCfg = Debug|Any CPU
		{28D97ABB-C198-4530-8B42-25C7EC62E858}.Debug|Any CPU.Build.0 = Debug|Any CPU
		{28D97ABB-C198-4530-8B42-25C7EC62E858}.Release|Any CPU.ActiveCfg = Release|Any CPU
		{28D97ABB-C198-4530-8B42-25C7EC62E858}.Release|Any CPU.Build.0 = Release|Any CPU
		{78C7E93E-D118-4A72-B174-432F3AAA5B90}.Debug|Any CPU.ActiveCfg = Debug|Any CPU
		{78C7E93E-D118-4A72-B174-432F3AAA5B90}.Debug|Any CPU.Build.0 = Debug|Any CPU
		{78C7E93E-D118-4A72-B174-432F3AAA5B90}.Release|Any CPU.ActiveCfg = Release|Any CPU
		{78C7E93E-D118-4A72-B174-432F3AAA5B90}.Release|Any CPU.Build.0 = Release|Any CPU
		{3940593D-49DE-4C6A-97D7-60C9958BE5C0}.Debug|Any CPU.ActiveCfg = Debug|Any CPU
		{3940593D-49DE-4C6A-97D7-60C9958BE5C0}.Debug|Any CPU.Build.0 = Debug|Any CPU
		{3940593D-49DE-4C6A-97D7-60C9958BE5C0}.Release|Any CPU.ActiveCfg = Release|Any CPU
		{3940593D-49DE-4C6A-97D7-60C9958BE5C0}.Release|Any CPU.Build.0 = Release|Any CPU
		{73634C2F-CB09-4620-B838-FFCDB660DDAF}.Debug|Any CPU.ActiveCfg = Debug|Any CPU
		{73634C2F-CB09-4620-B838-FFCDB660DDAF}.Debug|Any CPU.Build.0 = Debug|Any CPU
		{73634C2F-CB09-4620-B838-FFCDB660DDAF}.Release|Any CPU.ActiveCfg = Release|Any CPU
		{73634C2F-CB09-4620-B838-FFCDB660DDAF}.Release|Any CPU.Build.0 = Release|Any CPU
		{23F7A740-3BF0-4134-BC42-1EA634948295}.Debug|Any CPU.ActiveCfg = Debug|Any CPU
		{23F7A740-3BF0-4134-BC42-1EA634948295}.Debug|Any CPU.Build.0 = Debug|Any CPU
		{23F7A740-3BF0-4134-BC42-1EA634948295}.Release|Any CPU.ActiveCfg = Release|Any CPU
		{23F7A740-3BF0-4134-BC42-1EA634948295}.Release|Any CPU.Build.0 = Release|Any CPU
	EndGlobalSection
	GlobalSection(SolutionProperties) = preSolution
		HideSolutionNode = FALSE
	EndGlobalSection
	GlobalSection(ExtensibilityGlobals) = postSolution
		SolutionGuid = {01C193EE-7C5F-44C9-B3F5-3CF7B518EB11}
	EndGlobalSection
EndGlobal
