
Microsoft Visual Studio Solution File, Format Version 12.00
# Visual Studio Version 17
VisualStudioVersion = 17.0.32014.148
MinimumVisualStudioVersion = 10.0.40219.1
Project("{9A19103F-16F7-4668-BE54-9A1E7A4F7556}") = "Aspnetcore.EDA.SharedContext.Base", "Aspnetcore.EDA.SharedKernel\Aspnetcore.EDA.SharedContext.Base.csproj", "{7F549122-D582-4772-A51F-8B54A51C6C94}"
EndProject
Project("{FAE04EC0-301F-11D3-BF4B-00C04F79EFBC}") = "Aspnetcore.EDA.SharedContext.Extensions", "Aspnetcore.EDA.SharedContext.Extensions\Aspnetcore.EDA.SharedContext.Extensions.csproj", "{C88314E5-6AA1-48C8-9A62-3E4E6A1585D5}"
EndProject
Global
	GlobalSection(SolutionConfigurationPlatforms) = preSolution
		Debug|Any CPU = Debug|Any CPU
		Release|Any CPU = Release|Any CPU
	EndGlobalSection
	GlobalSection(ProjectConfigurationPlatforms) = postSolution
		{7F549122-D582-4772-A51F-8B54A51C6C94}.Debug|Any CPU.ActiveCfg = Debug|Any CPU
		{7F549122-D582-4772-A51F-8B54A51C6C94}.Debug|Any CPU.Build.0 = Debug|Any CPU
		{7F549122-D582-4772-A51F-8B54A51C6C94}.Release|Any CPU.ActiveCfg = Release|Any CPU
		{7F549122-D582-4772-A51F-8B54A51C6C94}.Release|Any CPU.Build.0 = Release|Any CPU
		{C88314E5-6AA1-48C8-9A62-3E4E6A1585D5}.Debug|Any CPU.ActiveCfg = Debug|Any CPU
		{C88314E5-6AA1-48C8-9A62-3E4E6A1585D5}.Debug|Any CPU.Build.0 = Debug|Any CPU
		{C88314E5-6AA1-48C8-9A62-3E4E6A1585D5}.Release|Any CPU.ActiveCfg = Release|Any CPU
		{C88314E5-6AA1-48C8-9A62-3E4E6A1585D5}.Release|Any CPU.Build.0 = Release|Any CPU
	EndGlobalSection
	GlobalSection(SolutionProperties) = preSolution
		HideSolutionNode = FALSE
	EndGlobalSection
	GlobalSection(ExtensibilityGlobals) = postSolution
		SolutionGuid = {8CFEC5C5-9661-454D-81E3-B1A0E58DEF5D}
	EndGlobalSection
EndGlobal
