
Microsoft Visual Studio Solution File, Format Version 12.00
# Visual Studio Version 17
VisualStudioVersion = 17.0.32014.148
MinimumVisualStudioVersion = 10.0.40219.1
Project("{FAE04EC0-301F-11D3-BF4B-00C04F79EFBC}") = "Aspnetcore.EDA.Inventory", "Aspnetcore.EDA.Inventory\Aspnetcore.EDA.Inventory.csproj", "{ABA59E8C-70AE-4535-B845-211A4C83A623}"
EndProject
Project("{FAE04EC0-301F-11D3-BF4B-00C04F79EFBC}") = "Aspnetcore.EDA.Inventory.Domain", "Aspnetcore.EDA.Inventory.Domain\Aspnetcore.EDA.Inventory.Domain.csproj", "{5C4C4E8D-55A4-472E-94EC-1EDF492425B2}"
EndProject
Project("{FAE04EC0-301F-11D3-BF4B-00C04F79EFBC}") = "Aspnetcore.EDA.Inventory.Infrastructure.Data", "Aspnetcore.EDA.Inventory.Infrastructure.Data\Aspnetcore.EDA.Inventory.Infrastructure.Data.csproj", "{1D43DA5D-FAFA-4539-B39C-B432C0D6F048}"
EndProject
Project("{FAE04EC0-301F-11D3-BF4B-00C04F79EFBC}") = "Aspnetcore.EDA.Inventory.Infrastructure.Messagings", "Aspnetcore.EDA.Inventory.Infrastructure.Messagings\Aspnetcore.EDA.Inventory.Infrastructure.Messagings.csproj", "{D0819715-88A2-4250-AA1B-C74D8918D58C}"
EndProject
Project("{FAE04EC0-301F-11D3-BF4B-00C04F79EFBC}") = "Aspnetcore.EDA.Inventory.Tests", "Aspnetcore.EDA.Inventory.Tests\Aspnetcore.EDA.Inventory.Tests.csproj", "{0419BE60-7C50-419D-9A2C-A70A418C4161}"
EndProject
Global
	GlobalSection(SolutionConfigurationPlatforms) = preSolution
		Debug|Any CPU = Debug|Any CPU
		Release|Any CPU = Release|Any CPU
	EndGlobalSection
	GlobalSection(ProjectConfigurationPlatforms) = postSolution
		{ABA59E8C-70AE-4535-B845-211A4C83A623}.Debug|Any CPU.ActiveCfg = Debug|Any CPU
		{ABA59E8C-70AE-4535-B845-211A4C83A623}.Debug|Any CPU.Build.0 = Debug|Any CPU
		{ABA59E8C-70AE-4535-B845-211A4C83A623}.Release|Any CPU.ActiveCfg = Release|Any CPU
		{ABA59E8C-70AE-4535-B845-211A4C83A623}.Release|Any CPU.Build.0 = Release|Any CPU
		{5C4C4E8D-55A4-472E-94EC-1EDF492425B2}.Debug|Any CPU.ActiveCfg = Debug|Any CPU
		{5C4C4E8D-55A4-472E-94EC-1EDF492425B2}.Debug|Any CPU.Build.0 = Debug|Any CPU
		{5C4C4E8D-55A4-472E-94EC-1EDF492425B2}.Release|Any CPU.ActiveCfg = Release|Any CPU
		{5C4C4E8D-55A4-472E-94EC-1EDF492425B2}.Release|Any CPU.Build.0 = Release|Any CPU
		{1D43DA5D-FAFA-4539-B39C-B432C0D6F048}.Debug|Any CPU.ActiveCfg = Debug|Any CPU
		{1D43DA5D-FAFA-4539-B39C-B432C0D6F048}.Debug|Any CPU.Build.0 = Debug|Any CPU
		{1D43DA5D-FAFA-4539-B39C-B432C0D6F048}.Release|Any CPU.ActiveCfg = Release|Any CPU
		{1D43DA5D-FAFA-4539-B39C-B432C0D6F048}.Release|Any CPU.Build.0 = Release|Any CPU
		{D0819715-88A2-4250-AA1B-C74D8918D58C}.Debug|Any CPU.ActiveCfg = Debug|Any CPU
		{D0819715-88A2-4250-AA1B-C74D8918D58C}.Debug|Any CPU.Build.0 = Debug|Any CPU
		{D0819715-88A2-4250-AA1B-C74D8918D58C}.Release|Any CPU.ActiveCfg = Release|Any CPU
		{D0819715-88A2-4250-AA1B-C74D8918D58C}.Release|Any CPU.Build.0 = Release|Any CPU
		{0419BE60-7C50-419D-9A2C-A70A418C4161}.Debug|Any CPU.ActiveCfg = Debug|Any CPU
		{0419BE60-7C50-419D-9A2C-A70A418C4161}.Debug|Any CPU.Build.0 = Debug|Any CPU
		{0419BE60-7C50-419D-9A2C-A70A418C4161}.Release|Any CPU.ActiveCfg = Release|Any CPU
		{0419BE60-7C50-419D-9A2C-A70A418C4161}.Release|Any CPU.Build.0 = Release|Any CPU
	EndGlobalSection
	GlobalSection(SolutionProperties) = preSolution
		HideSolutionNode = FALSE
	EndGlobalSection
	GlobalSection(ExtensibilityGlobals) = postSolution
		SolutionGuid = {28C5B569-A710-4F78-8CCF-2F8CAD1A1BEC}
	EndGlobalSection
EndGlobal
