
Microsoft Visual Studio Solution File, Format Version 12.00
# Visual Studio Version 17
VisualStudioVersion = 17.3.32825.248
MinimumVisualStudioVersion = 10.0.40219.1
Project("{FAE04EC0-301F-11D3-BF4B-00C04F79EFBC}") = "Microservices.Products.Queries.Api", "Microservices.Products.Queries.Api\Microservices.Products.Queries.Api.csproj", "{0F7E60E3-BB20-47A4-88B6-418C46F95881}"
EndProject
Global
	GlobalSection(SolutionConfigurationPlatforms) = preSolution
		Debug|Any CPU = Debug|Any CPU
		Release|Any CPU = Release|Any CPU
	EndGlobalSection
	GlobalSection(ProjectConfigurationPlatforms) = postSolution
		{0F7E60E3-BB20-47A4-88B6-418C46F95881}.Debug|Any CPU.ActiveCfg = Debug|Any CPU
		{0F7E60E3-BB20-47A4-88B6-418C46F95881}.Debug|Any CPU.Build.0 = Debug|Any CPU
		{0F7E60E3-BB20-47A4-88B6-418C46F95881}.Release|Any CPU.ActiveCfg = Release|Any CPU
		{0F7E60E3-BB20-47A4-88B6-418C46F95881}.Release|Any CPU.Build.0 = Release|Any CPU
	EndGlobalSection
	GlobalSection(SolutionProperties) = preSolution
		HideSolutionNode = FALSE
	EndGlobalSection
	GlobalSection(ExtensibilityGlobals) = postSolution
		SolutionGuid = {090BDCB8-061D-46BD-BDE7-2932A8AF6D52}
	EndGlobalSection
EndGlobal
